
Microsoft Visual Studio Solution File, Format Version 12.00
# Visual Studio Version 16
VisualStudioVersion = 16.0.30804.86
MinimumVisualStudioVersion = 10.0.40219.1
Project("{FAE04EC0-301F-11D3-BF4B-00C04F79EFBC}") = "TestMod", "TestMod\TestMod.csproj", "{D11C9E7D-0B01-4A6D-9DF3-00C03B37731F}"
EndProject
Project("{2150E333-8FDC-42A3-9474-1A3956D46DE8}") = "prototypes", "prototypes", "{A1BC4824-B6EA-4B47-BBAA-3B6E9291DAE9}"
EndProject
Project("{2150E333-8FDC-42A3-9474-1A3956D46DE8}") = "misc", "misc", "{F41B6151-2C73-4B87-A09A-C51580B05D41}"
	ProjectSection(SolutionItems) = preProject
		.editorconfig = .editorconfig
		.gitignore = .gitignore
		mod-list.json = mod-list.json
		post-build.bat = post-build.bat
		post-build.props = post-build.props
		project.props = project.props
		readme.md = readme.md
	EndProjectSection
EndProject
Project("{2150E333-8FDC-42A3-9474-1A3956D46DE8}") = "common", "common", "{65F6F092-6619-4064-A6D1-51F137C57E41}"
EndProject
Project("{D954291E-2A0B-460D-934E-DC6B0785DB48}") = "Common", "Common\Common.shproj", "{598E50EE-9BAE-46A8-9C65-7F276286F391}"
EndProject
Project("{D954291E-2A0B-460D-934E-DC6B0785DB48}") = "Common.Config", "Common\Common.Config\Common.Config.shproj", "{B39DE674-737E-4F48-A1F7-A26B7E3D501F}"
EndProject
Project("{FAE04EC0-301F-11D3-BF4B-00C04F79EFBC}") = "SaveAnywhere", "SaveAnywhere\SaveAnywhere.csproj", "{E0378030-B5F7-4B1D-9E8E-81BE5D80ECC3}"
EndProject
Project("{FAE04EC0-301F-11D3-BF4B-00C04F79EFBC}") = "MiscTweaks", "MiscTweaks\MiscTweaks.csproj", "{06A3F033-1506-4B0F-9E4D-51547AE89B18}"
EndProject
Project("{FAE04EC0-301F-11D3-BF4B-00C04F79EFBC}") = "SkipIntro", "SkipIntro\SkipIntro.csproj", "{764D4C12-F80E-4173-9DA5-A1D694A3FE13}"
EndProject
Project("{FAE04EC0-301F-11D3-BF4B-00C04F79EFBC}") = "DayNightSpeed", "DayNightSpeed\DayNightSpeed.csproj", "{F5065CCD-FCDB-4DEA-A765-0A95AB6D84DF}"
EndProject
Project("{FAE04EC0-301F-11D3-BF4B-00C04F79EFBC}") = "ExtraHotkeys", "ExtraHotkeys\ExtraHotkeys.csproj", "{52FD664F-910A-4FE2-A172-0D108D8BBD32}"
EndProject
Project("{FAE04EC0-301F-11D3-BF4B-00C04F79EFBC}") = "PlaceFromInventory", "PlaceFromInventory\PlaceFromInventory.csproj", "{6B51C924-AE04-4429-A880-08C91E6FD975}"
EndProject
Project("{FAE04EC0-301F-11D3-BF4B-00C04F79EFBC}") = "MovableContainers", "MovableContainers\MovableContainers.csproj", "{E388F144-1F49-42EA-BEAC-AAB65445D3C4}"
EndProject
Project("{FAE04EC0-301F-11D3-BF4B-00C04F79EFBC}") = "CookWhileFishing", "CookWhileFishing\CookWhileFishing.csproj", "{7505DB0D-5586-4CA0-BA4B-A022E7D00E15}"
EndProject
Global
	GlobalSection(SharedMSBuildProjectFiles) = preSolution
		Common\Common.Config\Common.Config.projitems*{06a3f033-1506-4b0f-9e4d-51547ae89b18}*SharedItemsImports = 4
		Common\Common.projitems*{06a3f033-1506-4b0f-9e4d-51547ae89b18}*SharedItemsImports = 4
		Common\Common.Config\Common.Config.projitems*{52fd664f-910a-4fe2-a172-0d108d8bbd32}*SharedItemsImports = 4
		Common\Common.projitems*{52fd664f-910a-4fe2-a172-0d108d8bbd32}*SharedItemsImports = 4
		Common\Common.projitems*{598e50ee-9bae-46a8-9c65-7f276286f391}*SharedItemsImports = 13
		Common\Common.Config\Common.Config.projitems*{6b51c924-ae04-4429-a880-08c91e6fd975}*SharedItemsImports = 4
		Common\Common.projitems*{6b51c924-ae04-4429-a880-08c91e6fd975}*SharedItemsImports = 4
		Common\Common.projitems*{7505db0d-5586-4ca0-ba4b-a022e7d00e15}*SharedItemsImports = 4
		Common\Common.projitems*{764d4c12-f80e-4173-9da5-a1d694a3fe13}*SharedItemsImports = 4
		Common\Common.Config\Common.Config.projitems*{b39de674-737e-4f48-a1f7-a26b7e3d501f}*SharedItemsImports = 13
		Common\Common.projitems*{d11c9e7d-0b01-4a6d-9df3-00c03b37731f}*SharedItemsImports = 4
		Common\Common.Config\Common.Config.projitems*{e0378030-b5f7-4b1d-9e8e-81be5d80ecc3}*SharedItemsImports = 4
		Common\Common.projitems*{e0378030-b5f7-4b1d-9e8e-81be5d80ecc3}*SharedItemsImports = 4
		Common\Common.Config\Common.Config.projitems*{e388f144-1f49-42ea-beac-aab65445d3c4}*SharedItemsImports = 4
		Common\Common.projitems*{e388f144-1f49-42ea-beac-aab65445d3c4}*SharedItemsImports = 4
		Common\Common.Config\Common.Config.projitems*{f5065ccd-fcdb-4dea-a765-0a95ab6d84df}*SharedItemsImports = 4
		Common\Common.projitems*{f5065ccd-fcdb-4dea-a765-0a95ab6d84df}*SharedItemsImports = 4
	EndGlobalSection
	GlobalSection(SolutionConfigurationPlatforms) = preSolution
		dev|Any CPU = dev|Any CPU
		publish|Any CPU = publish|Any CPU
		testbuild|Any CPU = testbuild|Any CPU
	EndGlobalSection
	GlobalSection(ProjectConfigurationPlatforms) = postSolution
		{D11C9E7D-0B01-4A6D-9DF3-00C03B37731F}.dev|Any CPU.ActiveCfg = dev|Any CPU
		{D11C9E7D-0B01-4A6D-9DF3-00C03B37731F}.dev|Any CPU.Build.0 = dev|Any CPU
		{D11C9E7D-0B01-4A6D-9DF3-00C03B37731F}.publish|Any CPU.ActiveCfg = publish|Any CPU
		{D11C9E7D-0B01-4A6D-9DF3-00C03B37731F}.publish|Any CPU.Build.0 = publish|Any CPU
		{D11C9E7D-0B01-4A6D-9DF3-00C03B37731F}.testbuild|Any CPU.ActiveCfg = testbuild|Any CPU
		{D11C9E7D-0B01-4A6D-9DF3-00C03B37731F}.testbuild|Any CPU.Build.0 = testbuild|Any CPU
		{E0378030-B5F7-4B1D-9E8E-81BE5D80ECC3}.dev|Any CPU.ActiveCfg = dev|Any CPU
		{E0378030-B5F7-4B1D-9E8E-81BE5D80ECC3}.dev|Any CPU.Build.0 = dev|Any CPU
		{E0378030-B5F7-4B1D-9E8E-81BE5D80ECC3}.publish|Any CPU.ActiveCfg = publish|Any CPU
		{E0378030-B5F7-4B1D-9E8E-81BE5D80ECC3}.publish|Any CPU.Build.0 = publish|Any CPU
		{E0378030-B5F7-4B1D-9E8E-81BE5D80ECC3}.testbuild|Any CPU.ActiveCfg = testbuild|Any CPU
		{E0378030-B5F7-4B1D-9E8E-81BE5D80ECC3}.testbuild|Any CPU.Build.0 = testbuild|Any CPU
		{06A3F033-1506-4B0F-9E4D-51547AE89B18}.dev|Any CPU.ActiveCfg = dev|Any CPU
		{06A3F033-1506-4B0F-9E4D-51547AE89B18}.dev|Any CPU.Build.0 = dev|Any CPU
		{06A3F033-1506-4B0F-9E4D-51547AE89B18}.publish|Any CPU.ActiveCfg = publish|Any CPU
		{06A3F033-1506-4B0F-9E4D-51547AE89B18}.publish|Any CPU.Build.0 = publish|Any CPU
		{06A3F033-1506-4B0F-9E4D-51547AE89B18}.testbuild|Any CPU.ActiveCfg = testbuild|Any CPU
		{06A3F033-1506-4B0F-9E4D-51547AE89B18}.testbuild|Any CPU.Build.0 = testbuild|Any CPU
		{764D4C12-F80E-4173-9DA5-A1D694A3FE13}.dev|Any CPU.ActiveCfg = dev|Any CPU
		{764D4C12-F80E-4173-9DA5-A1D694A3FE13}.dev|Any CPU.Build.0 = dev|Any CPU
		{764D4C12-F80E-4173-9DA5-A1D694A3FE13}.publish|Any CPU.ActiveCfg = publish|Any CPU
		{764D4C12-F80E-4173-9DA5-A1D694A3FE13}.publish|Any CPU.Build.0 = publish|Any CPU
		{764D4C12-F80E-4173-9DA5-A1D694A3FE13}.testbuild|Any CPU.ActiveCfg = testbuild|Any CPU
		{764D4C12-F80E-4173-9DA5-A1D694A3FE13}.testbuild|Any CPU.Build.0 = testbuild|Any CPU
		{F5065CCD-FCDB-4DEA-A765-0A95AB6D84DF}.dev|Any CPU.ActiveCfg = dev|Any CPU
		{F5065CCD-FCDB-4DEA-A765-0A95AB6D84DF}.dev|Any CPU.Build.0 = dev|Any CPU
		{F5065CCD-FCDB-4DEA-A765-0A95AB6D84DF}.publish|Any CPU.ActiveCfg = publish|Any CPU
		{F5065CCD-FCDB-4DEA-A765-0A95AB6D84DF}.publish|Any CPU.Build.0 = publish|Any CPU
		{F5065CCD-FCDB-4DEA-A765-0A95AB6D84DF}.testbuild|Any CPU.ActiveCfg = testbuild|Any CPU
		{F5065CCD-FCDB-4DEA-A765-0A95AB6D84DF}.testbuild|Any CPU.Build.0 = testbuild|Any CPU
		{52FD664F-910A-4FE2-A172-0D108D8BBD32}.dev|Any CPU.ActiveCfg = dev|Any CPU
		{52FD664F-910A-4FE2-A172-0D108D8BBD32}.dev|Any CPU.Build.0 = dev|Any CPU
		{52FD664F-910A-4FE2-A172-0D108D8BBD32}.publish|Any CPU.ActiveCfg = publish|Any CPU
		{52FD664F-910A-4FE2-A172-0D108D8BBD32}.publish|Any CPU.Build.0 = publish|Any CPU
		{52FD664F-910A-4FE2-A172-0D108D8BBD32}.testbuild|Any CPU.ActiveCfg = testbuild|Any CPU
		{52FD664F-910A-4FE2-A172-0D108D8BBD32}.testbuild|Any CPU.Build.0 = testbuild|Any CPU
		{6B51C924-AE04-4429-A880-08C91E6FD975}.dev|Any CPU.ActiveCfg = dev|Any CPU
		{6B51C924-AE04-4429-A880-08C91E6FD975}.dev|Any CPU.Build.0 = dev|Any CPU
		{6B51C924-AE04-4429-A880-08C91E6FD975}.publish|Any CPU.ActiveCfg = publish|Any CPU
		{6B51C924-AE04-4429-A880-08C91E6FD975}.publish|Any CPU.Build.0 = publish|Any CPU
		{6B51C924-AE04-4429-A880-08C91E6FD975}.testbuild|Any CPU.ActiveCfg = testbuild|Any CPU
		{6B51C924-AE04-4429-A880-08C91E6FD975}.testbuild|Any CPU.Build.0 = testbuild|Any CPU
		{E388F144-1F49-42EA-BEAC-AAB65445D3C4}.dev|Any CPU.ActiveCfg = dev|Any CPU
		{E388F144-1F49-42EA-BEAC-AAB65445D3C4}.dev|Any CPU.Build.0 = dev|Any CPU
		{E388F144-1F49-42EA-BEAC-AAB65445D3C4}.publish|Any CPU.ActiveCfg = publish|Any CPU
		{E388F144-1F49-42EA-BEAC-AAB65445D3C4}.publish|Any CPU.Build.0 = publish|Any CPU
		{E388F144-1F49-42EA-BEAC-AAB65445D3C4}.testbuild|Any CPU.ActiveCfg = testbuild|Any CPU
		{E388F144-1F49-42EA-BEAC-AAB65445D3C4}.testbuild|Any CPU.Build.0 = testbuild|Any CPU
		{7505DB0D-5586-4CA0-BA4B-A022E7D00E15}.dev|Any CPU.ActiveCfg = dev|Any CPU
		{7505DB0D-5586-4CA0-BA4B-A022E7D00E15}.dev|Any CPU.Build.0 = dev|Any CPU
		{7505DB0D-5586-4CA0-BA4B-A022E7D00E15}.publish|Any CPU.ActiveCfg = publish|Any CPU
		{7505DB0D-5586-4CA0-BA4B-A022E7D00E15}.publish|Any CPU.Build.0 = publish|Any CPU
		{7505DB0D-5586-4CA0-BA4B-A022E7D00E15}.testbuild|Any CPU.ActiveCfg = testbuild|Any CPU
		{7505DB0D-5586-4CA0-BA4B-A022E7D00E15}.testbuild|Any CPU.Build.0 = testbuild|Any CPU
	EndGlobalSection
	GlobalSection(SolutionProperties) = preSolution
		HideSolutionNode = FALSE
	EndGlobalSection
	GlobalSection(NestedProjects) = preSolution
		{D11C9E7D-0B01-4A6D-9DF3-00C03B37731F} = {A1BC4824-B6EA-4B47-BBAA-3B6E9291DAE9}
		{598E50EE-9BAE-46A8-9C65-7F276286F391} = {65F6F092-6619-4064-A6D1-51F137C57E41}
		{B39DE674-737E-4F48-A1F7-A26B7E3D501F} = {65F6F092-6619-4064-A6D1-51F137C57E41}
		{7505DB0D-5586-4CA0-BA4B-A022E7D00E15} = {A1BC4824-B6EA-4B47-BBAA-3B6E9291DAE9}
	EndGlobalSection
	GlobalSection(ExtensibilityGlobals) = postSolution
		SolutionGuid = {C14B4D75-5F94-45C7-AA7F-9C13CC209522}
	EndGlobalSection
EndGlobal
