
Microsoft Visual Studio Solution File, Format Version 12.00
# Visual Studio Version 16
VisualStudioVersion = 16.0.30804.86
MinimumVisualStudioVersion = 10.0.40219.1
Project("{FAE04EC0-301F-11D3-BF4B-00C04F79EFBC}") = "TestMod", "TestMod\TestMod.csproj", "{D11C9E7D-0B01-4A6D-9DF3-00C03B37731F}"
EndProject
Project("{2150E333-8FDC-42A3-9474-1A3956D46DE8}") = "prototypes", "prototypes", "{A1BC4824-B6EA-4B47-BBAA-3B6E9291DAE9}"
EndProject
Project("{2150E333-8FDC-42A3-9474-1A3956D46DE8}") = "misc", "misc", "{F41B6151-2C73-4B87-A09A-C51580B05D41}"
	ProjectSection(SolutionItems) = preProject
		.editorconfig = .editorconfig
		.gitignore = .gitignore
		post-build.bat = post-build.bat
	EndProjectSection
EndProject
Project("{2150E333-8FDC-42A3-9474-1A3956D46DE8}") = "common", "common", "{65F6F092-6619-4064-A6D1-51F137C57E41}"
EndProject
Project("{D954291E-2A0B-460D-934E-DC6B0785DB48}") = "Common", "Common\Common.shproj", "{598E50EE-9BAE-46A8-9C65-7F276286F391}"
EndProject
Project("{D954291E-2A0B-460D-934E-DC6B0785DB48}") = "Common.Config", "Common\Common.Config\Common.Config.shproj", "{B39DE674-737E-4F48-A1F7-A26B7E3D501F}"
EndProject
Project("{FAE04EC0-301F-11D3-BF4B-00C04F79EFBC}") = "SaveAnywhere", "SaveAnywhere\SaveAnywhere.csproj", "{E0378030-B5F7-4B1D-9E8E-81BE5D80ECC3}"
EndProject
Global
	GlobalSection(SharedMSBuildProjectFiles) = preSolution
		Common\Common.projitems*{598e50ee-9bae-46a8-9c65-7f276286f391}*SharedItemsImports = 13
		Common\Common.Config\Common.Config.projitems*{b39de674-737e-4f48-a1f7-a26b7e3d501f}*SharedItemsImports = 13
		Common\Common.projitems*{d11c9e7d-0b01-4a6d-9df3-00c03b37731f}*SharedItemsImports = 4
		Common\Common.Config\Common.Config.projitems*{e0378030-b5f7-4b1d-9e8e-81be5d80ecc3}*SharedItemsImports = 4
		Common\Common.projitems*{e0378030-b5f7-4b1d-9e8e-81be5d80ecc3}*SharedItemsImports = 4
	EndGlobalSection
	GlobalSection(SolutionConfigurationPlatforms) = preSolution
		dev|Any CPU = dev|Any CPU
		publish|Any CPU = publish|Any CPU
		testbuild|Any CPU = testbuild|Any CPU
	EndGlobalSection
	GlobalSection(ProjectConfigurationPlatforms) = postSolution
		{D11C9E7D-0B01-4A6D-9DF3-00C03B37731F}.dev|Any CPU.ActiveCfg = dev|Any CPU
		{D11C9E7D-0B01-4A6D-9DF3-00C03B37731F}.dev|Any CPU.Build.0 = dev|Any CPU
		{D11C9E7D-0B01-4A6D-9DF3-00C03B37731F}.publish|Any CPU.ActiveCfg = publish|Any CPU
		{D11C9E7D-0B01-4A6D-9DF3-00C03B37731F}.publish|Any CPU.Build.0 = publish|Any CPU
		{D11C9E7D-0B01-4A6D-9DF3-00C03B37731F}.testbuild|Any CPU.ActiveCfg = testbuild|Any CPU
		{D11C9E7D-0B01-4A6D-9DF3-00C03B37731F}.testbuild|Any CPU.Build.0 = testbuild|Any CPU
		{E0378030-B5F7-4B1D-9E8E-81BE5D80ECC3}.dev|Any CPU.ActiveCfg = dev|Any CPU
		{E0378030-B5F7-4B1D-9E8E-81BE5D80ECC3}.dev|Any CPU.Build.0 = dev|Any CPU
		{E0378030-B5F7-4B1D-9E8E-81BE5D80ECC3}.publish|Any CPU.ActiveCfg = publish|Any CPU
		{E0378030-B5F7-4B1D-9E8E-81BE5D80ECC3}.publish|Any CPU.Build.0 = publish|Any CPU
		{E0378030-B5F7-4B1D-9E8E-81BE5D80ECC3}.testbuild|Any CPU.ActiveCfg = testbuild|Any CPU
		{E0378030-B5F7-4B1D-9E8E-81BE5D80ECC3}.testbuild|Any CPU.Build.0 = testbuild|Any CPU
	EndGlobalSection
	GlobalSection(SolutionProperties) = preSolution
		HideSolutionNode = FALSE
	EndGlobalSection
	GlobalSection(NestedProjects) = preSolution
		{D11C9E7D-0B01-4A6D-9DF3-00C03B37731F} = {A1BC4824-B6EA-4B47-BBAA-3B6E9291DAE9}
		{598E50EE-9BAE-46A8-9C65-7F276286F391} = {65F6F092-6619-4064-A6D1-51F137C57E41}
		{B39DE674-737E-4F48-A1F7-A26B7E3D501F} = {65F6F092-6619-4064-A6D1-51F137C57E41}
	EndGlobalSection
	GlobalSection(ExtensibilityGlobals) = postSolution
		SolutionGuid = {C14B4D75-5F94-45C7-AA7F-9C13CC209522}
	EndGlobalSection
EndGlobal
